
Microsoft Visual Studio Solution File, Format Version 12.00
# Visual Studio Version 17
VisualStudioVersion = 17.0.31903.59
MinimumVisualStudioVersion = 10.0.40219.1
Project("{FAE04EC0-301F-11D3-BF4B-00C04F79EFBC}") = "SriCare.AppHost", "SriCare.AppHost\SriCare.AppHost.csproj", "{970B66ED-DABB-482A-A153-1ED1268CBD22}"
EndProject
Project("{FAE04EC0-301F-11D3-BF4B-00C04F79EFBC}") = "SriCare.ServiceDefaults", "SriCare.ServiceDefaults\SriCare.ServiceDefaults.csproj", "{DEECE450-B7BE-4F87-AE09-4AC66FC9FA3B}"
EndProject
Project("{FAE04EC0-301F-11D3-BF4B-00C04F79EFBC}") = "SriCare.Auth", "SriCare.Auth\SriCare.Auth.csproj", "{D2433422-CD6E-41AC-85C5-A67CA24D25D5}"
EndProject
Project("{FAE04EC0-301F-11D3-BF4B-00C04F79EFBC}") = "SriCare.ApiGateway", "SriCare.ApiGateway\SriCare.ApiGateway.csproj", "{2E958B8E-B8E5-4A3E-8E12-E15A5C62B009}"
EndProject
Project("{2150E333-8FDC-42A3-9474-1A3956D46DE8}") = "SriCare.Core", "SriCare.Core", "{66BA140B-948F-47E9-9042-6BD5B303031B}"
EndProject
Project("{FAE04EC0-301F-11D3-BF4B-00C04F79EFBC}") = "SriCare.Core.Api", "SriCare.Core\SriCare.Core.Api\SriCare.Core.Api.csproj", "{4A426673-0096-4555-B6BC-4532E99BEBD2}"
EndProject
Project("{FAE04EC0-301F-11D3-BF4B-00C04F79EFBC}") = "Common.Utils", "Common.Utils\Common.Utils.csproj", "{A7D4F7E0-341B-4A12-B917-DC88D44DDF71}"
EndProject
Project("{FAE04EC0-301F-11D3-BF4B-00C04F79EFBC}") = "SriCare.Core.Application", "SriCare.Core\SriCare.Core.Application\SriCare.Core.Application.csproj", "{F123C889-0F77-495D-A498-7F3022CA9381}"
EndProject
Project("{FAE04EC0-301F-11D3-BF4B-00C04F79EFBC}") = "SriCare.Core.Domain", "SriCare.Core\SriCare.Core.Domain\SriCare.Core.Domain.csproj", "{C00D072A-7C1F-421C-9B85-6C0C6AD6DA0F}"
EndProject
Project("{FAE04EC0-301F-11D3-BF4B-00C04F79EFBC}") = "SriCare.Core.Persistence", "SriCare.Core\SriCare.Core.Persistence\SriCare.Core.Persistence.csproj", "{AE3E80F1-9C34-4F3F-96FB-5B45B012D624}"
EndProject
Project("{FAE04EC0-301F-11D3-BF4B-00C04F79EFBC}") = "SriCare.Core.Infrastructure", "SriCare.Core\SriCare.Core.Infrastructure\SriCare.Core.Infrastructure.csproj", "{5F723500-07E2-4530-A7EF-83BA63794D8D}"
EndProject
Project("{2150E333-8FDC-42A3-9474-1A3956D46DE8}") = "SriCare.Notification", "SriCare.Notification", "{1EB2B727-6ACC-47BA-BBE0-9A8783B7A796}"
EndProject
Project("{FAE04EC0-301F-11D3-BF4B-00C04F79EFBC}") = "SriCare.Notification.Api", "SriCare.Notification\SriCare.Notification.Api\SriCare.Notification.Api.csproj", "{485B438A-34E8-46AC-94D3-CD5189E98066}"
EndProject
Project("{FAE04EC0-301F-11D3-BF4B-00C04F79EFBC}") = "SriCare.Notification.Domain", "SriCare.Notification\SriCare.Notification.Domain\SriCare.Notification.Domain.csproj", "{A83425B9-3596-47E7-85D5-B75872D3D79B}"
EndProject
Project("{FAE04EC0-301F-11D3-BF4B-00C04F79EFBC}") = "SriCare.Notification.Application", "SriCare.Notification\SriCare.Notification.Application\SriCare.Notification.Application.csproj", "{FA82A068-CF7E-4C3C-A159-FCC91521DD26}"
EndProject
Project("{FAE04EC0-301F-11D3-BF4B-00C04F79EFBC}") = "SriCare.Notification.Infra", "SriCare.Notification\SriCare.Notification.Infra\SriCare.Notification.Infra.csproj", "{2E5C59F1-7701-4AE4-8BA1-85EB200D7609}"
EndProject
Global
	GlobalSection(SolutionConfigurationPlatforms) = preSolution
		Debug|Any CPU = Debug|Any CPU
		Release|Any CPU = Release|Any CPU
	EndGlobalSection
	GlobalSection(ProjectConfigurationPlatforms) = postSolution
		{970B66ED-DABB-482A-A153-1ED1268CBD22}.Debug|Any CPU.ActiveCfg = Debug|Any CPU
		{970B66ED-DABB-482A-A153-1ED1268CBD22}.Debug|Any CPU.Build.0 = Debug|Any CPU
		{970B66ED-DABB-482A-A153-1ED1268CBD22}.Release|Any CPU.ActiveCfg = Release|Any CPU
		{970B66ED-DABB-482A-A153-1ED1268CBD22}.Release|Any CPU.Build.0 = Release|Any CPU
		{DEECE450-B7BE-4F87-AE09-4AC66FC9FA3B}.Debug|Any CPU.ActiveCfg = Debug|Any CPU
		{DEECE450-B7BE-4F87-AE09-4AC66FC9FA3B}.Debug|Any CPU.Build.0 = Debug|Any CPU
		{DEECE450-B7BE-4F87-AE09-4AC66FC9FA3B}.Release|Any CPU.ActiveCfg = Release|Any CPU
		{DEECE450-B7BE-4F87-AE09-4AC66FC9FA3B}.Release|Any CPU.Build.0 = Release|Any CPU
		{D2433422-CD6E-41AC-85C5-A67CA24D25D5}.Debug|Any CPU.ActiveCfg = Debug|Any CPU
		{D2433422-CD6E-41AC-85C5-A67CA24D25D5}.Debug|Any CPU.Build.0 = Debug|Any CPU
		{D2433422-CD6E-41AC-85C5-A67CA24D25D5}.Release|Any CPU.ActiveCfg = Release|Any CPU
		{D2433422-CD6E-41AC-85C5-A67CA24D25D5}.Release|Any CPU.Build.0 = Release|Any CPU
		{2E958B8E-B8E5-4A3E-8E12-E15A5C62B009}.Debug|Any CPU.ActiveCfg = Debug|Any CPU
		{2E958B8E-B8E5-4A3E-8E12-E15A5C62B009}.Debug|Any CPU.Build.0 = Debug|Any CPU
		{2E958B8E-B8E5-4A3E-8E12-E15A5C62B009}.Release|Any CPU.ActiveCfg = Release|Any CPU
		{2E958B8E-B8E5-4A3E-8E12-E15A5C62B009}.Release|Any CPU.Build.0 = Release|Any CPU
		{4A426673-0096-4555-B6BC-4532E99BEBD2}.Debug|Any CPU.ActiveCfg = Debug|Any CPU
		{4A426673-0096-4555-B6BC-4532E99BEBD2}.Debug|Any CPU.Build.0 = Debug|Any CPU
		{4A426673-0096-4555-B6BC-4532E99BEBD2}.Release|Any CPU.ActiveCfg = Release|Any CPU
		{4A426673-0096-4555-B6BC-4532E99BEBD2}.Release|Any CPU.Build.0 = Release|Any CPU
		{A7D4F7E0-341B-4A12-B917-DC88D44DDF71}.Debug|Any CPU.ActiveCfg = Debug|Any CPU
		{A7D4F7E0-341B-4A12-B917-DC88D44DDF71}.Debug|Any CPU.Build.0 = Debug|Any CPU
		{A7D4F7E0-341B-4A12-B917-DC88D44DDF71}.Release|Any CPU.ActiveCfg = Release|Any CPU
		{A7D4F7E0-341B-4A12-B917-DC88D44DDF71}.Release|Any CPU.Build.0 = Release|Any CPU
		{F123C889-0F77-495D-A498-7F3022CA9381}.Debug|Any CPU.ActiveCfg = Debug|Any CPU
		{F123C889-0F77-495D-A498-7F3022CA9381}.Debug|Any CPU.Build.0 = Debug|Any CPU
		{F123C889-0F77-495D-A498-7F3022CA9381}.Release|Any CPU.ActiveCfg = Release|Any CPU
		{F123C889-0F77-495D-A498-7F3022CA9381}.Release|Any CPU.Build.0 = Release|Any CPU
		{C00D072A-7C1F-421C-9B85-6C0C6AD6DA0F}.Debug|Any CPU.ActiveCfg = Debug|Any CPU
		{C00D072A-7C1F-421C-9B85-6C0C6AD6DA0F}.Debug|Any CPU.Build.0 = Debug|Any CPU
		{C00D072A-7C1F-421C-9B85-6C0C6AD6DA0F}.Release|Any CPU.ActiveCfg = Release|Any CPU
		{C00D072A-7C1F-421C-9B85-6C0C6AD6DA0F}.Release|Any CPU.Build.0 = Release|Any CPU
		{AE3E80F1-9C34-4F3F-96FB-5B45B012D624}.Debug|Any CPU.ActiveCfg = Debug|Any CPU
		{AE3E80F1-9C34-4F3F-96FB-5B45B012D624}.Debug|Any CPU.Build.0 = Debug|Any CPU
		{AE3E80F1-9C34-4F3F-96FB-5B45B012D624}.Release|Any CPU.ActiveCfg = Release|Any CPU
		{AE3E80F1-9C34-4F3F-96FB-5B45B012D624}.Release|Any CPU.Build.0 = Release|Any CPU
		{5F723500-07E2-4530-A7EF-83BA63794D8D}.Debug|Any CPU.ActiveCfg = Debug|Any CPU
		{5F723500-07E2-4530-A7EF-83BA63794D8D}.Debug|Any CPU.Build.0 = Debug|Any CPU
		{5F723500-07E2-4530-A7EF-83BA63794D8D}.Release|Any CPU.ActiveCfg = Release|Any CPU
		{5F723500-07E2-4530-A7EF-83BA63794D8D}.Release|Any CPU.Build.0 = Release|Any CPU
		{485B438A-34E8-46AC-94D3-CD5189E98066}.Debug|Any CPU.ActiveCfg = Debug|Any CPU
		{485B438A-34E8-46AC-94D3-CD5189E98066}.Debug|Any CPU.Build.0 = Debug|Any CPU
		{485B438A-34E8-46AC-94D3-CD5189E98066}.Release|Any CPU.ActiveCfg = Release|Any CPU
		{485B438A-34E8-46AC-94D3-CD5189E98066}.Release|Any CPU.Build.0 = Release|Any CPU
		{A83425B9-3596-47E7-85D5-B75872D3D79B}.Debug|Any CPU.ActiveCfg = Debug|Any CPU
		{A83425B9-3596-47E7-85D5-B75872D3D79B}.Debug|Any CPU.Build.0 = Debug|Any CPU
		{A83425B9-3596-47E7-85D5-B75872D3D79B}.Release|Any CPU.ActiveCfg = Release|Any CPU
		{A83425B9-3596-47E7-85D5-B75872D3D79B}.Release|Any CPU.Build.0 = Release|Any CPU
		{FA82A068-CF7E-4C3C-A159-FCC91521DD26}.Debug|Any CPU.ActiveCfg = Debug|Any CPU
		{FA82A068-CF7E-4C3C-A159-FCC91521DD26}.Debug|Any CPU.Build.0 = Debug|Any CPU
		{FA82A068-CF7E-4C3C-A159-FCC91521DD26}.Release|Any CPU.ActiveCfg = Release|Any CPU
		{FA82A068-CF7E-4C3C-A159-FCC91521DD26}.Release|Any CPU.Build.0 = Release|Any CPU
		{2E5C59F1-7701-4AE4-8BA1-85EB200D7609}.Debug|Any CPU.ActiveCfg = Debug|Any CPU
		{2E5C59F1-7701-4AE4-8BA1-85EB200D7609}.Debug|Any CPU.Build.0 = Debug|Any CPU
		{2E5C59F1-7701-4AE4-8BA1-85EB200D7609}.Release|Any CPU.ActiveCfg = Release|Any CPU
		{2E5C59F1-7701-4AE4-8BA1-85EB200D7609}.Release|Any CPU.Build.0 = Release|Any CPU
	EndGlobalSection
	GlobalSection(SolutionProperties) = preSolution
		HideSolutionNode = FALSE
	EndGlobalSection
	GlobalSection(NestedProjects) = preSolution
		{4A426673-0096-4555-B6BC-4532E99BEBD2} = {66BA140B-948F-47E9-9042-6BD5B303031B}
		{F123C889-0F77-495D-A498-7F3022CA9381} = {66BA140B-948F-47E9-9042-6BD5B303031B}
		{C00D072A-7C1F-421C-9B85-6C0C6AD6DA0F} = {66BA140B-948F-47E9-9042-6BD5B303031B}
		{AE3E80F1-9C34-4F3F-96FB-5B45B012D624} = {66BA140B-948F-47E9-9042-6BD5B303031B}
		{5F723500-07E2-4530-A7EF-83BA63794D8D} = {66BA140B-948F-47E9-9042-6BD5B303031B}
		{485B438A-34E8-46AC-94D3-CD5189E98066} = {1EB2B727-6ACC-47BA-BBE0-9A8783B7A796}
		{A83425B9-3596-47E7-85D5-B75872D3D79B} = {1EB2B727-6ACC-47BA-BBE0-9A8783B7A796}
		{FA82A068-CF7E-4C3C-A159-FCC91521DD26} = {1EB2B727-6ACC-47BA-BBE0-9A8783B7A796}
		{2E5C59F1-7701-4AE4-8BA1-85EB200D7609} = {1EB2B727-6ACC-47BA-BBE0-9A8783B7A796}
	EndGlobalSection
EndGlobal
